
Microsoft Visual Studio Solution File, Format Version 12.00
# Visual Studio Version 16
VisualStudioVersion = 16.0.29123.88
MinimumVisualStudioVersion = 10.0.40219.1
Project("{FAE04EC0-301F-11D3-BF4B-00C04F79EFBC}") = "DatingApp", "DatingApp.csproj", "{80434DE6-D4EC-4A06-903A-FCCDCEBA6F49}"
EndProject
Global
	GlobalSection(SolutionConfigurationPlatforms) = preSolution
		Debug|Any CPU = Debug|Any CPU
		Release|Any CPU = Release|Any CPU
	EndGlobalSection
	GlobalSection(ProjectConfigurationPlatforms) = postSolution
		{80434DE6-D4EC-4A06-903A-FCCDCEBA6F49}.Debug|Any CPU.ActiveCfg = Debug|Any CPU
		{80434DE6-D4EC-4A06-903A-FCCDCEBA6F49}.Debug|Any CPU.Build.0 = Debug|Any CPU
		{80434DE6-D4EC-4A06-903A-FCCDCEBA6F49}.Release|Any CPU.ActiveCfg = Release|Any CPU
		{80434DE6-D4EC-4A06-903A-FCCDCEBA6F49}.Release|Any CPU.Build.0 = Release|Any CPU
	EndGlobalSection
	GlobalSection(SolutionProperties) = preSolution
		HideSolutionNode = FALSE
	EndGlobalSection
	GlobalSection(ExtensibilityGlobals) = postSolution
		SolutionGuid = {4378B100-E04D-4AF1-B9B0-718295E04BC4}
	EndGlobalSection
EndGlobal
